
Microsoft Visual Studio Solution File, Format Version 12.00
# Visual Studio 14
VisualStudioVersion = 14.0.25420.1
MinimumVisualStudioVersion = 10.0.40219.1
Project("{FAE04EC0-301F-11D3-BF4B-00C04F79EFBC}") = "LibraryManagement-Model", "LibraryManagement-Model\LibraryManagement-Model.csproj", "{DA64F53A-DB72-4311-99C5-0FDDC99BB17E}"
EndProject
Project("{FAE04EC0-301F-11D3-BF4B-00C04F79EFBC}") = "LibraryManagement-Controller", "LibraryManagement-Controller\LibraryManagement-Controller.csproj", "{6D40AC48-ADB7-49AF-A033-E5F11A80A464}"
EndProject
Project("{FAE04EC0-301F-11D3-BF4B-00C04F79EFBC}") = "LibraryManagement-View", "LibraryManagement-View\LibraryManagement-View.csproj", "{287FDEA9-B59B-4EA1-A6F7-B2C4BA68CAFB}"
EndProject
Project("{FAE04EC0-301F-11D3-BF4B-00C04F79EFBC}") = "LibraryManagement", "LibManagement\LibraryManagement.csproj", "{027265FD-AFDE-4A3E-8508-7CA1EBF828C8}"
EndProject
Global
	GlobalSection(SolutionConfigurationPlatforms) = preSolution
		Debug|Any CPU = Debug|Any CPU
		Release|Any CPU = Release|Any CPU
	EndGlobalSection
	GlobalSection(ProjectConfigurationPlatforms) = postSolution
		{DA64F53A-DB72-4311-99C5-0FDDC99BB17E}.Debug|Any CPU.ActiveCfg = Debug|Any CPU
		{DA64F53A-DB72-4311-99C5-0FDDC99BB17E}.Debug|Any CPU.Build.0 = Debug|Any CPU
		{DA64F53A-DB72-4311-99C5-0FDDC99BB17E}.Release|Any CPU.ActiveCfg = Release|Any CPU
		{DA64F53A-DB72-4311-99C5-0FDDC99BB17E}.Release|Any CPU.Build.0 = Release|Any CPU
		{6D40AC48-ADB7-49AF-A033-E5F11A80A464}.Debug|Any CPU.ActiveCfg = Debug|Any CPU
		{6D40AC48-ADB7-49AF-A033-E5F11A80A464}.Debug|Any CPU.Build.0 = Debug|Any CPU
		{6D40AC48-ADB7-49AF-A033-E5F11A80A464}.Release|Any CPU.ActiveCfg = Release|Any CPU
		{6D40AC48-ADB7-49AF-A033-E5F11A80A464}.Release|Any CPU.Build.0 = Release|Any CPU
		{287FDEA9-B59B-4EA1-A6F7-B2C4BA68CAFB}.Debug|Any CPU.ActiveCfg = Debug|Any CPU
		{287FDEA9-B59B-4EA1-A6F7-B2C4BA68CAFB}.Debug|Any CPU.Build.0 = Debug|Any CPU
		{287FDEA9-B59B-4EA1-A6F7-B2C4BA68CAFB}.Release|Any CPU.ActiveCfg = Release|Any CPU
		{287FDEA9-B59B-4EA1-A6F7-B2C4BA68CAFB}.Release|Any CPU.Build.0 = Release|Any CPU
		{027265FD-AFDE-4A3E-8508-7CA1EBF828C8}.Debug|Any CPU.ActiveCfg = Debug|Any CPU
		{027265FD-AFDE-4A3E-8508-7CA1EBF828C8}.Debug|Any CPU.Build.0 = Debug|Any CPU
		{027265FD-AFDE-4A3E-8508-7CA1EBF828C8}.Release|Any CPU.ActiveCfg = Release|Any CPU
		{027265FD-AFDE-4A3E-8508-7CA1EBF828C8}.Release|Any CPU.Build.0 = Release|Any CPU
	EndGlobalSection
	GlobalSection(SolutionProperties) = preSolution
		HideSolutionNode = FALSE
	EndGlobalSection
EndGlobal
